
Microsoft Visual Studio Solution File, Format Version 12.00
# Visual Studio Version 16
VisualStudioVersion = 16.0.30611.23
MinimumVisualStudioVersion = 10.0.40219.1
Project("{FAE04EC0-301F-11D3-BF4B-00C04F79EFBC}") = "MatrixSolver", "MatrixSolver\MatrixSolver.csproj", "{BD7C06B0-C33C-462D-BA7C-D1B7E5116345}"
EndProject
Global
	GlobalSection(SolutionConfigurationPlatforms) = preSolution
		Debug|Any CPU = Debug|Any CPU
		Release|Any CPU = Release|Any CPU
	EndGlobalSection
	GlobalSection(ProjectConfigurationPlatforms) = postSolution
		{BD7C06B0-C33C-462D-BA7C-D1B7E5116345}.Debug|Any CPU.ActiveCfg = Debug|Any CPU
		{BD7C06B0-C33C-462D-BA7C-D1B7E5116345}.Debug|Any CPU.Build.0 = Debug|Any CPU
		{BD7C06B0-C33C-462D-BA7C-D1B7E5116345}.Release|Any CPU.ActiveCfg = Release|Any CPU
		{BD7C06B0-C33C-462D-BA7C-D1B7E5116345}.Release|Any CPU.Build.0 = Release|Any CPU
	EndGlobalSection
	GlobalSection(SolutionProperties) = preSolution
		HideSolutionNode = FALSE
	EndGlobalSection
	GlobalSection(ExtensibilityGlobals) = postSolution
		SolutionGuid = {A384C34E-4148-4173-9860-C60815CAB4A3}
	EndGlobalSection
EndGlobal
